
Microsoft Visual Studio Solution File, Format Version 12.00
# Visual Studio Version 17
VisualStudioVersion = 17.5.002.0
MinimumVisualStudioVersion = 10.0.40219.1
Project("{9A19103F-16F7-4668-BE54-9A1E7A4F7556}") = "desafio-niveis-de-acesso", "desafio-niveis-de-acesso.csproj", "{818DF19D-6C41-45AF-8D2A-9494F817F5FE}"
EndProject
Global
	GlobalSection(SolutionConfigurationPlatforms) = preSolution
		Debug|Any CPU = Debug|Any CPU
		Release|Any CPU = Release|Any CPU
	EndGlobalSection
	GlobalSection(ProjectConfigurationPlatforms) = postSolution
		{818DF19D-6C41-45AF-8D2A-9494F817F5FE}.Debug|Any CPU.ActiveCfg = Debug|Any CPU
		{818DF19D-6C41-45AF-8D2A-9494F817F5FE}.Debug|Any CPU.Build.0 = Debug|Any CPU
		{818DF19D-6C41-45AF-8D2A-9494F817F5FE}.Release|Any CPU.ActiveCfg = Release|Any CPU
		{818DF19D-6C41-45AF-8D2A-9494F817F5FE}.Release|Any CPU.Build.0 = Release|Any CPU
	EndGlobalSection
	GlobalSection(SolutionProperties) = preSolution
		HideSolutionNode = FALSE
	EndGlobalSection
	GlobalSection(ExtensibilityGlobals) = postSolution
		SolutionGuid = {F13DD64F-13C1-465D-A669-17A3871698F5}
	EndGlobalSection
EndGlobal
